{
  "nodes": {
    "devshell": {
      "locked": {
        "lastModified": 1610294226,
        "narHash": "sha256-OTgmGRlziJwuw4hFaDl3Kar1qpwXScvQs2eWnN3jTwI=",
        "owner": "numtide",
        "repo": "devshell",
        "rev": "17a8c6b64127a19b5136f9ce4dad17ca2934f4df",
        "type": "github"
      },
      "original": {
        "owner": "numtide",
        "repo": "devshell",
        "type": "github"
      }
    },
    "flake-utils": {
      "locked": {
        "lastModified": 1608663846,
        "narHash": "sha256-YOAXeoNLW0IubQ6AZLGuSj5kAD5n4DYXLYReLtyds1A=",
        "owner": "numtide",
        "repo": "flake-utils",
        "rev": "a68df93a37cd5137ac22ffeb2d8a03acf253cc24",
        "type": "github"
      },
      "original": {
        "owner": "numtide",
        "ref": "flatten-tree-system",
        "repo": "flake-utils",
        "type": "github"
      }
    },
    "home": {
      "inputs": {
        "nixpkgs": "nixpkgs"
      },
      "locked": {
        "lastModified": 1610454723,
        "narHash": "sha256-krxWl7xc0dXNImghYdPHsPPqWfdqJvlUk3VKCACzj9o=",
        "owner": "nix-community",
        "repo": "home-manager",
        "rev": "4b772fd6988dd206f0ed4cb1b2d7c4c6d4f0f455",
        "type": "github"
      },
      "original": {
        "owner": "nix-community",
        "ref": "master",
        "repo": "home-manager",
        "type": "github"
      }
    },
    "master": {
      "locked": {
        "lastModified": 1610960440,
        "narHash": "sha256-0ZDzGoFhROKZwcW2Sa2CXiwYL6br09JORgEHr58w/Ew=",
        "owner": "NixOS",
        "repo": "nixpkgs",
        "rev": "3bdf95ceb5660273a01ed2e5be2676487f7e820e",
        "type": "github"
      },
      "original": {
        "id": "nixpkgs",
        "ref": "master",
        "type": "indirect"
      }
    },
    "nixos": {
      "locked": {
        "lastModified": 1610885893,
        "narHash": "sha256-VAETd1jhnWUJmq0b8Dbi9mo4qvS+AYC3d9tmVfnf2zQ=",
        "owner": "NixOS",
        "repo": "nixpkgs",
        "rev": "3888fe83e1c7b5331d032177b039e91f83bf34e1",
        "type": "github"
      },
      "original": {
        "id": "nixpkgs",
        "ref": "nixos-unstable",
        "type": "indirect"
      }
    },
    "nixos-hardware": {
      "locked": {
        "lastModified": 1610430373,
        "narHash": "sha256-2sTBiGl0z0B3VD2qMHIJtOGxOuftR0iiBSv30AhVWIw=",
        "owner": "nixos",
        "repo": "nixos-hardware",
        "rev": "874830945a65ad1134aff3a5aea0cdd2e1d914ab",
        "type": "github"
      },
      "original": {
        "owner": "nixos",
        "repo": "nixos-hardware",
        "type": "github"
      }
    },
    "nixpkgs": {
      "locked": {
        "lastModified": 1609866355,
        "narHash": "sha256-TMzb8nMePC4OusDde+xv8AIgbNYuFku/dlLkPO/hifM=",
        "path": "/nix/store/9kfzklpzv0bh5v7xidriwy7pq07drza8-source",
        "rev": "d9dba88d08a9cdf483c3d45f0d7220cf97a4ce64",
        "type": "path"
      },
      "original": {
        "id": "nixpkgs",
        "type": "indirect"
      }
    },
    "nur": {
      "locked": {
        "lastModified": 1610608628,
        "narHash": "sha256-92u8bJqJ0NeDxhJO80wluJicCQrvqBAXD2FxSfnVO7s=",
        "owner": "nix-community",
        "repo": "NUR",
        "rev": "5b0228c5bf3150f57d8531db54df2cbdfcf7f9a9",
        "type": "github"
      },
      "original": {
        "id": "nur",
        "type": "indirect"
      }
    },
    "root": {
      "inputs": {
        "devshell": "devshell",
        "flake-utils": "flake-utils",
        "home": "home",
        "master": "master",
        "nixos": "nixos",
        "nixos-hardware": "nixos-hardware",
        "nur": "nur"
      }
    }
  },
  "root": "root",
  "version": 7
}
