{
  "nodes": {
    "devshell": {
      "locked": {
        "lastModified": 1609968818,
        "narHash": "sha256-MhV9HrMP6BvDHKir2lzmPLLpHnwOiLb7hVOOQgwKcxQ=",
        "owner": "numtide",
        "repo": "devshell",
        "rev": "8036aae0b292432e02f28a0203811ed7f25573e6",
        "type": "github"
      },
      "original": {
        "owner": "numtide",
        "repo": "devshell",
        "type": "github"
      }
    },
    "flake-utils": {
      "locked": {
        "lastModified": 1608663846,
        "narHash": "sha256-YOAXeoNLW0IubQ6AZLGuSj5kAD5n4DYXLYReLtyds1A=",
        "owner": "numtide",
        "repo": "flake-utils",
        "rev": "a68df93a37cd5137ac22ffeb2d8a03acf253cc24",
        "type": "github"
      },
      "original": {
        "owner": "numtide",
        "ref": "flatten-tree-system",
        "repo": "flake-utils",
        "type": "github"
      }
    },
    "home": {
      "inputs": {
        "nixpkgs": "nixpkgs"
      },
      "locked": {
        "lastModified": 1609902996,
        "narHash": "sha256-5Zw/SMVMa1krZeD5CWczKpBF1C8X4/qCFR4qexMUjQQ=",
        "owner": "nix-community",
        "repo": "home-manager",
        "rev": "a361541c10ec0b167488192631cb86ca07a145d2",
        "type": "github"
      },
      "original": {
        "owner": "nix-community",
        "ref": "master",
        "repo": "home-manager",
        "type": "github"
      }
    },
    "master": {
      "locked": {
        "lastModified": 1610050049,
        "narHash": "sha256-/Mf/Oa+CNdyS298CqnELIk+gXMUs3fvdX15zfRz5ri0=",
        "owner": "NixOS",
        "repo": "nixpkgs",
        "rev": "7a5c1d3cd50d7caeb5611a2db65a8dd90d64904b",
        "type": "github"
      },
      "original": {
        "id": "nixpkgs",
        "ref": "master",
        "type": "indirect"
      }
    },
    "nixos": {
      "locked": {
        "lastModified": 1609866355,
        "narHash": "sha256-TMzb8nMePC4OusDde+xv8AIgbNYuFku/dlLkPO/hifM=",
        "owner": "NixOS",
        "repo": "nixpkgs",
        "rev": "d9dba88d08a9cdf483c3d45f0d7220cf97a4ce64",
        "type": "github"
      },
      "original": {
        "id": "nixpkgs",
        "ref": "nixos-unstable",
        "type": "indirect"
      }
    },
    "nixpkgs": {
      "locked": {
        "lastModified": 1609254719,
        "narHash": "sha256-XB3391z8r81Bt8NfQzB+tYdTWoraY0QVdXM21JhfW+Y=",
        "path": "/nix/store/cczavfv0z5fn392v37ypc48555wagvil-source",
        "rev": "733e537a8ad76fd355b6f501127f7d0eb8861775",
        "type": "path"
      },
      "original": {
        "id": "nixpkgs",
        "type": "indirect"
      }
    },
    "nur": {
      "locked": {
        "lastModified": 1610043935,
        "narHash": "sha256-/yhBJwlcaNGkmBP4WvIn+xSOXT+1nh/xucSpa2iFmMo=",
        "owner": "nix-community",
        "repo": "NUR",
        "rev": "6be424edad6a419618235eb43400035a3cb25fd2",
        "type": "github"
      },
      "original": {
        "id": "nur",
        "type": "indirect"
      }
    },
    "root": {
      "inputs": {
        "devshell": "devshell",
        "flake-utils": "flake-utils",
        "home": "home",
        "master": "master",
        "nixos": "nixos",
        "nur": "nur"
      }
    }
  },
  "root": "root",
  "version": 7
}
